<?xml version="1.0" encoding="utf-8"?>
<Project ToolsVersion="4.0" xmlns="http://schemas.microsoft.com/developer/msbuild/2003">
  <ItemGroup>
    <Filter Include="Resource Files">
      <UniqueIdentifier>{67DA6AB6-F800-4c08-8B7A-83BB121AAD01}</UniqueIdentifier>
      <Extensions>rc;ico;cur;bmp;dlg;rc2;rct;bin;rgs;gif;jpg;jpeg;jpe;resx;tiff;tif;png;wav;mfcribbon-ms</Extensions>
    </Filter>
    <Filter Include="asset">
      <UniqueIdentifier>{cbd732ee-edae-4091-b532-6657d8721e1f}</UniqueIdentifier>
    </Filter>
    <Filter Include="base">
      <UniqueIdentifier>{64877d44-2deb-422d-8202-bacb3537b6e5}</UniqueIdentifier>
    </Filter>
    <Filter Include="gl">
      <UniqueIdentifier>{7c4b7839-7aa4-4b49-83cc-ab6aa4137e50}</UniqueIdentifier>
    </Filter>
    <Filter Include="platform">
      <UniqueIdentifier>{695254f3-021c-43ad-badf-b91cfa3e5f1f}</UniqueIdentifier>
    </Filter>
    <Filter Include="render">
      <UniqueIdentifier>{4d73aafc-a2cc-4384-b76d-461058861b3e}</UniqueIdentifier>
    </Filter>
    <Filter Include="lib">
      <UniqueIdentifier>{407ada1c-dd97-4fd6-abc5-7a486c53f0f6}</UniqueIdentifier>
    </Filter>
    <Filter Include="lib\buffer">
      <UniqueIdentifier>{0b0505b7-7f71-43ee-8db2-c5354c75929c}</UniqueIdentifier>
    </Filter>
  </ItemGroup>
  <ItemGroup>
    <ClCompile Include="..\src\gorn\asset\ObjMeshLoader.cpp">
      <Filter>asset</Filter>
    </ClCompile>
    <ClCompile Include="..\src\gorn\asset\ShapeMeshFactory.cpp">
      <Filter>asset</Filter>
    </ClCompile>
    <ClCompile Include="..\src\gorn\asset\FileLoader.cpp">
      <Filter>asset</Filter>
    </ClCompile>
    <ClCompile Include="..\src\gorn\asset\FileManager.cpp">
      <Filter>asset</Filter>
    </ClCompile>
    <ClCompile Include="..\src\gorn\asset\Image.cpp">
      <Filter>asset</Filter>
    </ClCompile>
    <ClCompile Include="..\src\gorn\asset\Mesh.cpp">
      <Filter>asset</Filter>
    </ClCompile>
    <ClCompile Include="..\src\gorn\base\Rect.cpp">
      <Filter>base</Filter>
    </ClCompile>
    <ClCompile Include="..\src\gorn\base\Shapes.cpp">
      <Filter>base</Filter>
    </ClCompile>
    <ClCompile Include="..\src\gorn\base\String.cpp">
      <Filter>base</Filter>
    </ClCompile>
    <ClCompile Include="..\src\gorn\base\Application.cpp">
      <Filter>base</Filter>
    </ClCompile>
    <ClCompile Include="..\src\gorn\base\Context.cpp">
      <Filter>base</Filter>
    </ClCompile>
    <ClCompile Include="..\src\gorn\base\Frustum.cpp">
      <Filter>base</Filter>
    </ClCompile>
    <ClCompile Include="..\src\gorn\gl\VertexBuffer.cpp">
      <Filter>gl</Filter>
    </ClCompile>
    <ClCompile Include="..\src\gorn\gl\VertexDefinition.cpp">
      <Filter>gl</Filter>
    </ClCompile>
    <ClCompile Include="..\src\gorn\gl\AttributeDefinition.cpp">
      <Filter>gl</Filter>
    </ClCompile>
    <ClCompile Include="..\src\gorn\gl\Base.cpp">
      <Filter>gl</Filter>
    </ClCompile>
    <ClCompile Include="..\src\gorn\gl\ClearAction.cpp">
      <Filter>gl</Filter>
    </ClCompile>
    <ClCompile Include="..\src\gorn\gl\Enums.cpp">
      <Filter>gl</Filter>
    </ClCompile>
    <ClCompile Include="..\src\gorn\gl\FrameBuffer.cpp">
      <Filter>gl</Filter>
    </ClCompile>
    <ClCompile Include="..\src\gorn\gl\Material.cpp">
      <Filter>gl</Filter>
    </ClCompile>
    <ClCompile Include="..\src\gorn\gl\MaterialDefinition.cpp">
      <Filter>gl</Filter>
    </ClCompile>
    <ClCompile Include="..\src\gorn\gl\MaterialManager.cpp">
      <Filter>gl</Filter>
    </ClCompile>
    <ClCompile Include="..\src\gorn\gl\Program.cpp">
      <Filter>gl</Filter>
    </ClCompile>
    <ClCompile Include="..\src\gorn\gl\ProgramAttributeDefinition.cpp">
      <Filter>gl</Filter>
    </ClCompile>
    <ClCompile Include="..\src\gorn\gl\ProgramDefinition.cpp">
      <Filter>gl</Filter>
    </ClCompile>
    <ClCompile Include="..\src\gorn\gl\ProgramManager.cpp">
      <Filter>gl</Filter>
    </ClCompile>
    <ClCompile Include="..\src\gorn\gl\ProgramUniformDefinition.cpp">
      <Filter>gl</Filter>
    </ClCompile>
    <ClCompile Include="..\src\gorn\gl\RenderBuffer.cpp">
      <Filter>gl</Filter>
    </ClCompile>
    <ClCompile Include="..\src\gorn\gl\Shader.cpp">
      <Filter>gl</Filter>
    </ClCompile>
    <ClCompile Include="..\src\gorn\gl\StateChange.cpp">
      <Filter>gl</Filter>
    </ClCompile>
    <ClCompile Include="..\src\gorn\gl\Stencil.cpp">
      <Filter>gl</Filter>
    </ClCompile>
    <ClCompile Include="..\src\gorn\gl\Texture.cpp">
      <Filter>gl</Filter>
    </ClCompile>
    <ClCompile Include="..\src\gorn\gl\TextureDefinition.cpp">
      <Filter>gl</Filter>
    </ClCompile>
    <ClCompile Include="..\src\gorn\gl\TextureManager.cpp">
      <Filter>gl</Filter>
    </ClCompile>
    <ClCompile Include="..\src\gorn\gl\UniformValue.cpp">
      <Filter>gl</Filter>
    </ClCompile>
    <ClCompile Include="..\src\gorn\gl\VertexArray.cpp">
      <Filter>gl</Filter>
    </ClCompile>
    <ClCompile Include="..\src\gorn\platform\StbImageLoader.cpp">
      <Filter>platform</Filter>
    </ClCompile>
    <ClCompile Include="..\src\gorn\platform\LocalFileLoader.cpp">
      <Filter>platform</Filter>
    </ClCompile>
    <ClCompile Include="..\src\gorn\render\RenderQueue.cpp">
      <Filter>render</Filter>
    </ClCompile>
    <ClCompile Include="..\src\gorn\render\RenderCommand.cpp">
      <Filter>render</Filter>
    </ClCompile>
    <ClCompile Include="..\src\gorn\render\RenderKinds.cpp">
      <Filter>render</Filter>
    </ClCompile>
    <ClCompile Include="..\lib\buffer\src\buffer.cpp">
      <Filter>lib\buffer</Filter>
    </ClCompile>
    <ClCompile Include="..\lib\buffer\src\buffer_reader.cpp">
      <Filter>lib\buffer</Filter>
    </ClCompile>
    <ClCompile Include="..\lib\buffer\src\buffer_writer.cpp">
      <Filter>lib\buffer</Filter>
    </ClCompile>
    <ClCompile Include="..\src\gorn\base\Math.cpp">
      <Filter>base</Filter>
    </ClCompile>
    <ClCompile Include="..\src\gorn\render\RenderQueueBlock.cpp">
      <Filter>render</Filter>
    </ClCompile>
    <ClCompile Include="..\src\gorn\render\RenderQueueInfo.cpp">
      <Filter>render</Filter>
    </ClCompile>
    <ClCompile Include="..\src\gorn\render\RenderQueueState.cpp">
      <Filter>render</Filter>
    </ClCompile>
    <ClCompile Include="..\src\gorn\render\RenderCamera.cpp">
      <Filter>render</Filter>
    </ClCompile>
    <ClCompile Include="..\src\gorn\gl\BlendMode.cpp">
      <Filter>gl</Filter>
    </ClCompile>
    <ClCompile Include="..\src\gorn\gl\AttributeTransformation.cpp">
      <Filter>gl</Filter>
    </ClCompile>
  </ItemGroup>
  <ItemGroup>
    <ClInclude Include="..\src\gorn\asset\ObjMeshLoader.hpp">
      <Filter>asset</Filter>
    </ClInclude>
    <ClInclude Include="..\src\gorn\asset\ShapeMeshFactory.hpp">
      <Filter>asset</Filter>
    </ClInclude>
    <ClInclude Include="..\src\gorn\asset\asset.hpp">
      <Filter>asset</Filter>
    </ClInclude>
    <ClInclude Include="..\src\gorn\asset\AssetLoader.hpp">
      <Filter>asset</Filter>
    </ClInclude>
    <ClInclude Include="..\src\gorn\asset\AssetManager.hpp">
      <Filter>asset</Filter>
    </ClInclude>
    <ClInclude Include="..\src\gorn\asset\DataAssetLoader.hpp">
      <Filter>asset</Filter>
    </ClInclude>
    <ClInclude Include="..\src\gorn\asset\FileAssetLoader.hpp">
      <Filter>asset</Filter>
    </ClInclude>
    <ClInclude Include="..\src\gorn\asset\FileLoader.hpp">
      <Filter>asset</Filter>
    </ClInclude>
    <ClInclude Include="..\src\gorn\asset\FileManager.hpp">
      <Filter>asset</Filter>
    </ClInclude>
    <ClInclude Include="..\src\gorn\asset\Image.hpp">
      <Filter>asset</Filter>
    </ClInclude>
    <ClInclude Include="..\src\gorn\asset\Mesh.hpp">
      <Filter>asset</Filter>
    </ClInclude>
    <ClInclude Include="..\src\gorn\base\Frustum.hpp">
      <Filter>base</Filter>
    </ClInclude>
    <ClInclude Include="..\src\gorn\base\Rect.hpp">
      <Filter>base</Filter>
    </ClInclude>
    <ClInclude Include="..\src\gorn\base\Shapes.hpp">
      <Filter>base</Filter>
    </ClInclude>
    <ClInclude Include="..\src\gorn\base\String.hpp">
      <Filter>base</Filter>
    </ClInclude>
    <ClInclude Include="..\src\gorn\base\Application.hpp">
      <Filter>base</Filter>
    </ClInclude>
    <ClInclude Include="..\src\gorn\base\base.hpp">
      <Filter>base</Filter>
    </ClInclude>
    <ClInclude Include="..\src\gorn\base\Config.hpp">
      <Filter>base</Filter>
    </ClInclude>
    <ClInclude Include="..\src\gorn\base\Context.hpp">
      <Filter>base</Filter>
    </ClInclude>
    <ClInclude Include="..\src\gorn\base\DefinitionManager.hpp">
      <Filter>base</Filter>
    </ClInclude>
    <ClInclude Include="..\src\gorn\base\Exception.hpp">
      <Filter>base</Filter>
    </ClInclude>
    <ClInclude Include="..\src\gorn\gl\VertexBuffer.hpp">
      <Filter>gl</Filter>
    </ClInclude>
    <ClInclude Include="..\src\gorn\gl\VertexDefinition.hpp">
      <Filter>gl</Filter>
    </ClInclude>
    <ClInclude Include="..\src\gorn\gl\AttributeDefinition.hpp">
      <Filter>gl</Filter>
    </ClInclude>
    <ClInclude Include="..\src\gorn\gl\Base.hpp">
      <Filter>gl</Filter>
    </ClInclude>
    <ClInclude Include="..\src\gorn\gl\ClearAction.hpp">
      <Filter>gl</Filter>
    </ClInclude>
    <ClInclude Include="..\src\gorn\gl\Enums.hpp">
      <Filter>gl</Filter>
    </ClInclude>
    <ClInclude Include="..\src\gorn\gl\FrameBuffer.hpp">
      <Filter>gl</Filter>
    </ClInclude>
    <ClInclude Include="..\src\gorn\gl\gl.hpp">
      <Filter>gl</Filter>
    </ClInclude>
    <ClInclude Include="..\src\gorn\gl\Material.hpp">
      <Filter>gl</Filter>
    </ClInclude>
    <ClInclude Include="..\src\gorn\gl\MaterialDefinition.hpp">
      <Filter>gl</Filter>
    </ClInclude>
    <ClInclude Include="..\src\gorn\gl\MaterialManager.hpp">
      <Filter>gl</Filter>
    </ClInclude>
    <ClInclude Include="..\src\gorn\gl\Program.hpp">
      <Filter>gl</Filter>
    </ClInclude>
    <ClInclude Include="..\src\gorn\gl\ProgramAttributeDefinition.hpp">
      <Filter>gl</Filter>
    </ClInclude>
    <ClInclude Include="..\src\gorn\gl\ProgramDefinition.hpp">
      <Filter>gl</Filter>
    </ClInclude>
    <ClInclude Include="..\src\gorn\gl\ProgramManager.hpp">
      <Filter>gl</Filter>
    </ClInclude>
    <ClInclude Include="..\src\gorn\gl\ProgramUniformDefinition.hpp">
      <Filter>gl</Filter>
    </ClInclude>
    <ClInclude Include="..\src\gorn\gl\RenderBuffer.hpp">
      <Filter>gl</Filter>
    </ClInclude>
    <ClInclude Include="..\src\gorn\gl\Shader.hpp">
      <Filter>gl</Filter>
    </ClInclude>
    <ClInclude Include="..\src\gorn\gl\StateChange.hpp">
      <Filter>gl</Filter>
    </ClInclude>
    <ClInclude Include="..\src\gorn\gl\Stencil.hpp">
      <Filter>gl</Filter>
    </ClInclude>
    <ClInclude Include="..\src\gorn\gl\Texture.hpp">
      <Filter>gl</Filter>
    </ClInclude>
    <ClInclude Include="..\src\gorn\gl\TextureDefinition.hpp">
      <Filter>gl</Filter>
    </ClInclude>
    <ClInclude Include="..\src\gorn\gl\TextureManager.hpp">
      <Filter>gl</Filter>
    </ClInclude>
    <ClInclude Include="..\src\gorn\gl\UniformValue.hpp">
      <Filter>gl</Filter>
    </ClInclude>
    <ClInclude Include="..\src\gorn\gl\VertexArray.hpp">
      <Filter>gl</Filter>
    </ClInclude>
    <ClInclude Include="..\src\gorn\platform\LocalFileLoader.hpp">
      <Filter>platform</Filter>
    </ClInclude>
    <ClInclude Include="..\src\gorn\platform\platform.hpp">
      <Filter>platform</Filter>
    </ClInclude>
    <ClInclude Include="..\src\gorn\platform\StbImageLoader.hpp">
      <Filter>platform</Filter>
    </ClInclude>
    <ClInclude Include="..\src\gorn\render\RenderKinds.hpp">
      <Filter>render</Filter>
    </ClInclude>
    <ClInclude Include="..\src\gorn\render\RenderQueue.hpp">
      <Filter>render</Filter>
    </ClInclude>
    <ClInclude Include="..\src\gorn\render\render.hpp">
      <Filter>render</Filter>
    </ClInclude>
    <ClInclude Include="..\src\gorn\render\RenderCommand.hpp">
      <Filter>render</Filter>
    </ClInclude>
    <ClInclude Include="..\lib\buffer\src\buffer_reader.hpp">
      <Filter>lib\buffer</Filter>
    </ClInclude>
    <ClInclude Include="..\lib\buffer\src\buffer.hpp">
      <Filter>lib\buffer</Filter>
    </ClInclude>
    <ClInclude Include="..\lib\buffer\src\buffer_writer.hpp">
      <Filter>lib\buffer</Filter>
    </ClInclude>
    <ClInclude Include="..\src\gorn\base\Math.hpp">
      <Filter>base</Filter>
    </ClInclude>
    <ClInclude Include="..\src\gorn\render\RenderQueueBlock.hpp">
      <Filter>render</Filter>
    </ClInclude>
    <ClInclude Include="..\src\gorn\render\RenderQueueInfo.hpp">
      <Filter>render</Filter>
    </ClInclude>
    <ClInclude Include="..\src\gorn\render\RenderQueueState.hpp">
      <Filter>render</Filter>
    </ClInclude>
    <ClInclude Include="..\src\gorn\render\RenderCamera.hpp">
      <Filter>render</Filter>
    </ClInclude>
    <ClInclude Include="..\src\gorn\gl\BlendMode.hpp">
      <Filter>gl</Filter>
    </ClInclude>
    <ClInclude Include="..\src\gorn\gl\AttributeTransformation.hpp">
      <Filter>gl</Filter>
    </ClInclude>
  </ItemGroup>
</Project>